<?xml version="1.0" encoding="utf-8"?>
<Project ToolsVersion="4.0" xmlns="http://schemas.microsoft.com/developer/msbuild/2003">
  <ItemGroup>
    <ClCompile Include="Caixa.cpp">
      <Filter>Source Files</Filter>
    </ClCompile>
    <ClCompile Include="Curandeiro.cpp">
      <Filter>Source Files</Filter>
    </ClCompile>
    <ClCompile Include="GerenciadorColisao.cpp">
      <Filter>Source Files</Filter>
    </ClCompile>
    <ClCompile Include="GerenciadorObjetos.cpp">
      <Filter>Source Files</Filter>
    </ClCompile>
    <ClCompile Include="Guerreiro.cpp">
      <Filter>Source Files</Filter>
    </ClCompile>
    <ClCompile Include="Jogo.cpp">
      <Filter>Source Files</Filter>
    </ClCompile>
    <ClCompile Include="main.cpp">
      <Filter>Source Files</Filter>
    </ClCompile>
    <ClCompile Include="Necromante.cpp">
      <Filter>Source Files</Filter>
    </ClCompile>
    <ClCompile Include="Particula.cpp">
      <Filter>Source Files</Filter>
    </ClCompile>
    <ClCompile Include="Personagem.cpp">
      <Filter>Source Files</Filter>
    </ClCompile>
    <ClCompile Include="Tiro.cpp">
      <Filter>Source Files</Filter>
    </ClCompile>
    <ClCompile Include="Inventario.cpp">
      <Filter>Source Files</Filter>
    </ClCompile>
  </ItemGroup>
  <ItemGroup>
    <ClInclude Include="Caixa.h">
      <Filter>Header Files</Filter>
    </ClInclude>
    <ClInclude Include="Curandeiro.h">
      <Filter>Header Files</Filter>
    </ClInclude>
    <ClInclude Include="GerenciadorColisao.h">
      <Filter>Header Files</Filter>
    </ClInclude>
    <ClInclude Include="GerenciadorObjetos.h">
      <Filter>Header Files</Filter>
    </ClInclude>
    <ClInclude Include="Guerreiro.h">
      <Filter>Header Files</Filter>
    </ClInclude>
    <ClInclude Include="Jogo.h">
      <Filter>Header Files</Filter>
    </ClInclude>
    <ClInclude Include="Necromante.h">
      <Filter>Header Files</Filter>
    </ClInclude>
    <ClInclude Include="Particula.h">
      <Filter>Header Files</Filter>
    </ClInclude>
    <ClInclude Include="Personagem.h">
      <Filter>Header Files</Filter>
    </ClInclude>
    <ClInclude Include="Tiro.h">
      <Filter>Header Files</Filter>
    </ClInclude>
    <ClInclude Include="Inventario.h">
      <Filter>Header Files</Filter>
    </ClInclude>
  </ItemGroup>
  <ItemGroup>
    <Filter Include="Header Files">
      <UniqueIdentifier>{39cb63ea-b61e-4c3d-811d-dafb0b0a95f1}</UniqueIdentifier>
    </Filter>
    <Filter Include="Source Files">
      <UniqueIdentifier>{ede530a7-81e4-488a-b5ed-f767338e987d}</UniqueIdentifier>
    </Filter>
  </ItemGroup>
</Project>